
Microsoft Visual Studio Solution File, Format Version 12.00
# Visual Studio Version 17
VisualStudioVersion = 17.11.35303.130
MinimumVisualStudioVersion = 10.0.40219.1
Project("{FAE04EC0-301F-11D3-BF4B-00C04F79EFBC}") = "CarRent.API", "CarRent.API\CarRent.API.csproj", "{16E1B923-7537-43B0-98F7-3500C9D87D94}"
EndProject
Global
	GlobalSection(SolutionConfigurationPlatforms) = preSolution
		Debug|Any CPU = Debug|Any CPU
		Release|Any CPU = Release|Any CPU
	EndGlobalSection
	GlobalSection(ProjectConfigurationPlatforms) = postSolution
		{16E1B923-7537-43B0-98F7-3500C9D87D94}.Debug|Any CPU.ActiveCfg = Debug|Any CPU
		{16E1B923-7537-43B0-98F7-3500C9D87D94}.Debug|Any CPU.Build.0 = Debug|Any CPU
		{16E1B923-7537-43B0-98F7-3500C9D87D94}.Release|Any CPU.ActiveCfg = Release|Any CPU
		{16E1B923-7537-43B0-98F7-3500C9D87D94}.Release|Any CPU.Build.0 = Release|Any CPU
	EndGlobalSection
	GlobalSection(SolutionProperties) = preSolution
		HideSolutionNode = FALSE
	EndGlobalSection
	GlobalSection(ExtensibilityGlobals) = postSolution
		SolutionGuid = {1F200492-FD00-4B46-AE5D-0A8679DB4A53}
	EndGlobalSection
EndGlobal
